
Microsoft Visual Studio Solution File, Format Version 12.00
# Visual Studio Version 16
VisualStudioVersion = 16.0.31911.196
MinimumVisualStudioVersion = 10.0.40219.1
Project("{8BC9CEB8-8B4A-11D0-8D11-00A0C91BC942}") = "Day1", "Day1\Day1.vcxproj", "{AB051427-CE54-47FC-84D4-4EA8E49C8BA3}"
	ProjectSection(ProjectDependencies) = postProject
		{CADF9F6E-D106-441E-94BE-3BB9CA4CE058} = {CADF9F6E-D106-441E-94BE-3BB9CA4CE058}
	EndProjectSection
EndProject
Project("{8BC9CEB8-8B4A-11D0-8D11-00A0C91BC942}") = "NobisLibrary", "NobisLibrary\NobisLibrary.vcxproj", "{CADF9F6E-D106-441E-94BE-3BB9CA4CE058}"
EndProject
Project("{8BC9CEB8-8B4A-11D0-8D11-00A0C91BC942}") = "Day2", "Day2\Day2.vcxproj", "{62AA6EB3-DDF6-41F5-9197-948DC61265BF}"
EndProject
Project("{8BC9CEB8-8B4A-11D0-8D11-00A0C91BC942}") = "Day3", "Day3\Day3.vcxproj", "{74BA0F25-5B1E-4CC1-9C42-EA3C81DE6F4E}"
EndProject
Project("{8BC9CEB8-8B4A-11D0-8D11-00A0C91BC942}") = "Day4", "Day4\Day4.vcxproj", "{8ABE1A27-4A1C-4F39-BCA8-A3A4A39790B4}"
EndProject
Project("{8BC9CEB8-8B4A-11D0-8D11-00A0C91BC942}") = "Day5", "Day5\Day5.vcxproj", "{39109AFF-C423-42FD-A4BD-723E017C6A96}"
EndProject
Global
	GlobalSection(SolutionConfigurationPlatforms) = preSolution
		Debug|x64 = Debug|x64
		Debug|x86 = Debug|x86
		Release|x64 = Release|x64
		Release|x86 = Release|x86
	EndGlobalSection
	GlobalSection(ProjectConfigurationPlatforms) = postSolution
		{AB051427-CE54-47FC-84D4-4EA8E49C8BA3}.Debug|x64.ActiveCfg = Debug|x64
		{AB051427-CE54-47FC-84D4-4EA8E49C8BA3}.Debug|x64.Build.0 = Debug|x64
		{AB051427-CE54-47FC-84D4-4EA8E49C8BA3}.Debug|x86.ActiveCfg = Debug|Win32
		{AB051427-CE54-47FC-84D4-4EA8E49C8BA3}.Debug|x86.Build.0 = Debug|Win32
		{AB051427-CE54-47FC-84D4-4EA8E49C8BA3}.Release|x64.ActiveCfg = Release|x64
		{AB051427-CE54-47FC-84D4-4EA8E49C8BA3}.Release|x64.Build.0 = Release|x64
		{AB051427-CE54-47FC-84D4-4EA8E49C8BA3}.Release|x86.ActiveCfg = Release|Win32
		{AB051427-CE54-47FC-84D4-4EA8E49C8BA3}.Release|x86.Build.0 = Release|Win32
		{CADF9F6E-D106-441E-94BE-3BB9CA4CE058}.Debug|x64.ActiveCfg = Debug|x64
		{CADF9F6E-D106-441E-94BE-3BB9CA4CE058}.Debug|x64.Build.0 = Debug|x64
		{CADF9F6E-D106-441E-94BE-3BB9CA4CE058}.Debug|x86.ActiveCfg = Debug|Win32
		{CADF9F6E-D106-441E-94BE-3BB9CA4CE058}.Debug|x86.Build.0 = Debug|Win32
		{CADF9F6E-D106-441E-94BE-3BB9CA4CE058}.Release|x64.ActiveCfg = Release|x64
		{CADF9F6E-D106-441E-94BE-3BB9CA4CE058}.Release|x64.Build.0 = Release|x64
		{CADF9F6E-D106-441E-94BE-3BB9CA4CE058}.Release|x86.ActiveCfg = Release|Win32
		{CADF9F6E-D106-441E-94BE-3BB9CA4CE058}.Release|x86.Build.0 = Release|Win32
		{62AA6EB3-DDF6-41F5-9197-948DC61265BF}.Debug|x64.ActiveCfg = Debug|x64
		{62AA6EB3-DDF6-41F5-9197-948DC61265BF}.Debug|x64.Build.0 = Debug|x64
		{62AA6EB3-DDF6-41F5-9197-948DC61265BF}.Debug|x86.ActiveCfg = Debug|Win32
		{62AA6EB3-DDF6-41F5-9197-948DC61265BF}.Debug|x86.Build.0 = Debug|Win32
		{62AA6EB3-DDF6-41F5-9197-948DC61265BF}.Release|x64.ActiveCfg = Release|x64
		{62AA6EB3-DDF6-41F5-9197-948DC61265BF}.Release|x64.Build.0 = Release|x64
		{62AA6EB3-DDF6-41F5-9197-948DC61265BF}.Release|x86.ActiveCfg = Release|Win32
		{62AA6EB3-DDF6-41F5-9197-948DC61265BF}.Release|x86.Build.0 = Release|Win32
		{74BA0F25-5B1E-4CC1-9C42-EA3C81DE6F4E}.Debug|x64.ActiveCfg = Debug|x64
		{74BA0F25-5B1E-4CC1-9C42-EA3C81DE6F4E}.Debug|x64.Build.0 = Debug|x64
		{74BA0F25-5B1E-4CC1-9C42-EA3C81DE6F4E}.Debug|x86.ActiveCfg = Debug|Win32
		{74BA0F25-5B1E-4CC1-9C42-EA3C81DE6F4E}.Debug|x86.Build.0 = Debug|Win32
		{74BA0F25-5B1E-4CC1-9C42-EA3C81DE6F4E}.Release|x64.ActiveCfg = Release|x64
		{74BA0F25-5B1E-4CC1-9C42-EA3C81DE6F4E}.Release|x64.Build.0 = Release|x64
		{74BA0F25-5B1E-4CC1-9C42-EA3C81DE6F4E}.Release|x86.ActiveCfg = Release|Win32
		{74BA0F25-5B1E-4CC1-9C42-EA3C81DE6F4E}.Release|x86.Build.0 = Release|Win32
		{8ABE1A27-4A1C-4F39-BCA8-A3A4A39790B4}.Debug|x64.ActiveCfg = Debug|x64
		{8ABE1A27-4A1C-4F39-BCA8-A3A4A39790B4}.Debug|x64.Build.0 = Debug|x64
		{8ABE1A27-4A1C-4F39-BCA8-A3A4A39790B4}.Debug|x86.ActiveCfg = Debug|Win32
		{8ABE1A27-4A1C-4F39-BCA8-A3A4A39790B4}.Debug|x86.Build.0 = Debug|Win32
		{8ABE1A27-4A1C-4F39-BCA8-A3A4A39790B4}.Release|x64.ActiveCfg = Release|x64
		{8ABE1A27-4A1C-4F39-BCA8-A3A4A39790B4}.Release|x64.Build.0 = Release|x64
		{8ABE1A27-4A1C-4F39-BCA8-A3A4A39790B4}.Release|x86.ActiveCfg = Release|Win32
		{8ABE1A27-4A1C-4F39-BCA8-A3A4A39790B4}.Release|x86.Build.0 = Release|Win32
		{39109AFF-C423-42FD-A4BD-723E017C6A96}.Debug|x64.ActiveCfg = Debug|x64
		{39109AFF-C423-42FD-A4BD-723E017C6A96}.Debug|x64.Build.0 = Debug|x64
		{39109AFF-C423-42FD-A4BD-723E017C6A96}.Debug|x86.ActiveCfg = Debug|Win32
		{39109AFF-C423-42FD-A4BD-723E017C6A96}.Debug|x86.Build.0 = Debug|Win32
		{39109AFF-C423-42FD-A4BD-723E017C6A96}.Release|x64.ActiveCfg = Release|x64
		{39109AFF-C423-42FD-A4BD-723E017C6A96}.Release|x64.Build.0 = Release|x64
		{39109AFF-C423-42FD-A4BD-723E017C6A96}.Release|x86.ActiveCfg = Release|Win32
		{39109AFF-C423-42FD-A4BD-723E017C6A96}.Release|x86.Build.0 = Release|Win32
	EndGlobalSection
	GlobalSection(SolutionProperties) = preSolution
		HideSolutionNode = FALSE
	EndGlobalSection
	GlobalSection(ExtensibilityGlobals) = postSolution
		SolutionGuid = {7D2101D7-E60E-4E1E-B16A-B5F609306810}
	EndGlobalSection
EndGlobal
