
Microsoft Visual Studio Solution File, Format Version 12.00
# Visual Studio Version 16
VisualStudioVersion = 16.0.31911.196
MinimumVisualStudioVersion = 10.0.40219.1
Project("{8BC9CEB8-8B4A-11D0-8D11-00A0C91BC942}") = "Day1", "Day1\Day1.vcxproj", "{AB051427-CE54-47FC-84D4-4EA8E49C8BA3}"
	ProjectSection(ProjectDependencies) = postProject
		{CADF9F6E-D106-441E-94BE-3BB9CA4CE058} = {CADF9F6E-D106-441E-94BE-3BB9CA4CE058}
	EndProjectSection
EndProject
Project("{8BC9CEB8-8B4A-11D0-8D11-00A0C91BC942}") = "NobisLibrary", "NobisLibrary\NobisLibrary.vcxproj", "{CADF9F6E-D106-441E-94BE-3BB9CA4CE058}"
EndProject
Project("{8BC9CEB8-8B4A-11D0-8D11-00A0C91BC942}") = "Day2", "Day2\Day2.vcxproj", "{62AA6EB3-DDF6-41F5-9197-948DC61265BF}"
EndProject
Project("{8BC9CEB8-8B4A-11D0-8D11-00A0C91BC942}") = "Day3", "Day3\Day3.vcxproj", "{74BA0F25-5B1E-4CC1-9C42-EA3C81DE6F4E}"
EndProject
Project("{8BC9CEB8-8B4A-11D0-8D11-00A0C91BC942}") = "Day4", "Day4\Day4.vcxproj", "{8ABE1A27-4A1C-4F39-BCA8-A3A4A39790B4}"
EndProject
Project("{8BC9CEB8-8B4A-11D0-8D11-00A0C91BC942}") = "Day5", "Day5\Day5.vcxproj", "{39109AFF-C423-42FD-A4BD-723E017C6A96}"
EndProject
Project("{8BC9CEB8-8B4A-11D0-8D11-00A0C91BC942}") = "Day6", "Day6\Day6.vcxproj", "{F00B2B9A-9C75-46BA-ABC6-9FD9AC70DFCB}"
EndProject
Project("{8BC9CEB8-8B4A-11D0-8D11-00A0C91BC942}") = "Day7", "Day7\Day7.vcxproj", "{F90203FB-74E3-4FE1-897C-9C5B5B0397BE}"
EndProject
Project("{8BC9CEB8-8B4A-11D0-8D11-00A0C91BC942}") = "Day8", "Day8\Day8.vcxproj", "{480A05CD-CB12-4078-94EC-6608EE3DB4DB}"
EndProject
Project("{8BC9CEB8-8B4A-11D0-8D11-00A0C91BC942}") = "Day9", "Day9\Day9.vcxproj", "{07FE4576-7731-4869-BD67-BEB60908EF32}"
EndProject
Project("{8BC9CEB8-8B4A-11D0-8D11-00A0C91BC942}") = "Day10", "Day10\Day10.vcxproj", "{CEF64FE7-A1F0-4AC1-A044-84B28B1CB513}"
EndProject
Project("{8BC9CEB8-8B4A-11D0-8D11-00A0C91BC942}") = "Day11", "Day11\Day11.vcxproj", "{D4DFC337-0E3A-4330-9752-D612FF07906B}"
	ProjectSection(ProjectDependencies) = postProject
		{CADF9F6E-D106-441E-94BE-3BB9CA4CE058} = {CADF9F6E-D106-441E-94BE-3BB9CA4CE058}
	EndProjectSection
EndProject
Project("{8BC9CEB8-8B4A-11D0-8D11-00A0C91BC942}") = "Day12", "Day12\Day12.vcxproj", "{C092584B-08D4-415E-AE6B-053C3A946209}"
EndProject
Project("{8BC9CEB8-8B4A-11D0-8D11-00A0C91BC942}") = "Day13", "Day13\Day13.vcxproj", "{D962F400-D892-4D09-B4F5-DF448C1933DA}"
EndProject
Project("{8BC9CEB8-8B4A-11D0-8D11-00A0C91BC942}") = "Day14", "Day14\Day14.vcxproj", "{10096FA8-BCFE-4337-8AC7-0531A09CA0D6}"
EndProject
Project("{8BC9CEB8-8B4A-11D0-8D11-00A0C91BC942}") = "Day15", "Day15\Day15.vcxproj", "{3CB9250F-7499-4739-931D-2114EBCC21A7}"
EndProject
Project("{8BC9CEB8-8B4A-11D0-8D11-00A0C91BC942}") = "Day18", "Day18\Day18.vcxproj", "{2743ADAC-848B-4E4B-B31A-386629513A51}"
EndProject
Project("{8BC9CEB8-8B4A-11D0-8D11-00A0C91BC942}") = "Day16", "Day16\Day16.vcxproj", "{7E6B4098-209E-4505-B546-F903C201D97A}"
EndProject
Project("{8BC9CEB8-8B4A-11D0-8D11-00A0C91BC942}") = "Day20", "Day20\Day20.vcxproj", "{98D0AF4E-CCC6-45F9-BA13-F43D83C9CA1C}"
EndProject
Project("{8BC9CEB8-8B4A-11D0-8D11-00A0C91BC942}") = "Day17", "Day17\Day17.vcxproj", "{D902C115-4F58-4F72-B9BF-EFD8332A7B9C}"
EndProject
Project("{8BC9CEB8-8B4A-11D0-8D11-00A0C91BC942}") = "Day21", "Day21\Day21.vcxproj", "{45F4D8AF-E273-4214-B086-3BCEDEBBE402}"
EndProject
Project("{8BC9CEB8-8B4A-11D0-8D11-00A0C91BC942}") = "Day22", "Day22\Day22.vcxproj", "{4913DED8-99C5-41B0-A6F2-564D60071B2B}"
EndProject
Project("{8BC9CEB8-8B4A-11D0-8D11-00A0C91BC942}") = "Day23", "Day23\Day23.vcxproj", "{710B2B1C-E231-4604-BEB8-7F61263C4133}"
EndProject
Project("{8BC9CEB8-8B4A-11D0-8D11-00A0C91BC942}") = "Day25", "Day25\Day25.vcxproj", "{B47870AD-767F-4628-B7D2-74636C6AB25C}"
EndProject
Project("{8BC9CEB8-8B4A-11D0-8D11-00A0C91BC942}") = "Day24", "Day24\Day24.vcxproj", "{480B848B-4774-464C-BCF3-D73B073CAA55}"
EndProject
Global
	GlobalSection(SolutionConfigurationPlatforms) = preSolution
		Debug|x64 = Debug|x64
		Debug|x86 = Debug|x86
		Release|x64 = Release|x64
		Release|x86 = Release|x86
	EndGlobalSection
	GlobalSection(ProjectConfigurationPlatforms) = postSolution
		{AB051427-CE54-47FC-84D4-4EA8E49C8BA3}.Debug|x64.ActiveCfg = Debug|x64
		{AB051427-CE54-47FC-84D4-4EA8E49C8BA3}.Debug|x64.Build.0 = Debug|x64
		{AB051427-CE54-47FC-84D4-4EA8E49C8BA3}.Debug|x86.ActiveCfg = Debug|Win32
		{AB051427-CE54-47FC-84D4-4EA8E49C8BA3}.Debug|x86.Build.0 = Debug|Win32
		{AB051427-CE54-47FC-84D4-4EA8E49C8BA3}.Release|x64.ActiveCfg = Release|x64
		{AB051427-CE54-47FC-84D4-4EA8E49C8BA3}.Release|x64.Build.0 = Release|x64
		{AB051427-CE54-47FC-84D4-4EA8E49C8BA3}.Release|x86.ActiveCfg = Release|Win32
		{AB051427-CE54-47FC-84D4-4EA8E49C8BA3}.Release|x86.Build.0 = Release|Win32
		{CADF9F6E-D106-441E-94BE-3BB9CA4CE058}.Debug|x64.ActiveCfg = Debug|x64
		{CADF9F6E-D106-441E-94BE-3BB9CA4CE058}.Debug|x64.Build.0 = Debug|x64
		{CADF9F6E-D106-441E-94BE-3BB9CA4CE058}.Debug|x86.ActiveCfg = Debug|Win32
		{CADF9F6E-D106-441E-94BE-3BB9CA4CE058}.Debug|x86.Build.0 = Debug|Win32
		{CADF9F6E-D106-441E-94BE-3BB9CA4CE058}.Release|x64.ActiveCfg = Release|x64
		{CADF9F6E-D106-441E-94BE-3BB9CA4CE058}.Release|x64.Build.0 = Release|x64
		{CADF9F6E-D106-441E-94BE-3BB9CA4CE058}.Release|x86.ActiveCfg = Release|Win32
		{CADF9F6E-D106-441E-94BE-3BB9CA4CE058}.Release|x86.Build.0 = Release|Win32
		{62AA6EB3-DDF6-41F5-9197-948DC61265BF}.Debug|x64.ActiveCfg = Debug|x64
		{62AA6EB3-DDF6-41F5-9197-948DC61265BF}.Debug|x64.Build.0 = Debug|x64
		{62AA6EB3-DDF6-41F5-9197-948DC61265BF}.Debug|x86.ActiveCfg = Debug|Win32
		{62AA6EB3-DDF6-41F5-9197-948DC61265BF}.Debug|x86.Build.0 = Debug|Win32
		{62AA6EB3-DDF6-41F5-9197-948DC61265BF}.Release|x64.ActiveCfg = Release|x64
		{62AA6EB3-DDF6-41F5-9197-948DC61265BF}.Release|x64.Build.0 = Release|x64
		{62AA6EB3-DDF6-41F5-9197-948DC61265BF}.Release|x86.ActiveCfg = Release|Win32
		{62AA6EB3-DDF6-41F5-9197-948DC61265BF}.Release|x86.Build.0 = Release|Win32
		{74BA0F25-5B1E-4CC1-9C42-EA3C81DE6F4E}.Debug|x64.ActiveCfg = Debug|x64
		{74BA0F25-5B1E-4CC1-9C42-EA3C81DE6F4E}.Debug|x64.Build.0 = Debug|x64
		{74BA0F25-5B1E-4CC1-9C42-EA3C81DE6F4E}.Debug|x86.ActiveCfg = Debug|Win32
		{74BA0F25-5B1E-4CC1-9C42-EA3C81DE6F4E}.Debug|x86.Build.0 = Debug|Win32
		{74BA0F25-5B1E-4CC1-9C42-EA3C81DE6F4E}.Release|x64.ActiveCfg = Release|x64
		{74BA0F25-5B1E-4CC1-9C42-EA3C81DE6F4E}.Release|x64.Build.0 = Release|x64
		{74BA0F25-5B1E-4CC1-9C42-EA3C81DE6F4E}.Release|x86.ActiveCfg = Release|Win32
		{74BA0F25-5B1E-4CC1-9C42-EA3C81DE6F4E}.Release|x86.Build.0 = Release|Win32
		{8ABE1A27-4A1C-4F39-BCA8-A3A4A39790B4}.Debug|x64.ActiveCfg = Debug|x64
		{8ABE1A27-4A1C-4F39-BCA8-A3A4A39790B4}.Debug|x64.Build.0 = Debug|x64
		{8ABE1A27-4A1C-4F39-BCA8-A3A4A39790B4}.Debug|x86.ActiveCfg = Debug|Win32
		{8ABE1A27-4A1C-4F39-BCA8-A3A4A39790B4}.Debug|x86.Build.0 = Debug|Win32
		{8ABE1A27-4A1C-4F39-BCA8-A3A4A39790B4}.Release|x64.ActiveCfg = Release|x64
		{8ABE1A27-4A1C-4F39-BCA8-A3A4A39790B4}.Release|x64.Build.0 = Release|x64
		{8ABE1A27-4A1C-4F39-BCA8-A3A4A39790B4}.Release|x86.ActiveCfg = Release|Win32
		{8ABE1A27-4A1C-4F39-BCA8-A3A4A39790B4}.Release|x86.Build.0 = Release|Win32
		{39109AFF-C423-42FD-A4BD-723E017C6A96}.Debug|x64.ActiveCfg = Debug|x64
		{39109AFF-C423-42FD-A4BD-723E017C6A96}.Debug|x64.Build.0 = Debug|x64
		{39109AFF-C423-42FD-A4BD-723E017C6A96}.Debug|x86.ActiveCfg = Debug|Win32
		{39109AFF-C423-42FD-A4BD-723E017C6A96}.Debug|x86.Build.0 = Debug|Win32
		{39109AFF-C423-42FD-A4BD-723E017C6A96}.Release|x64.ActiveCfg = Release|x64
		{39109AFF-C423-42FD-A4BD-723E017C6A96}.Release|x64.Build.0 = Release|x64
		{39109AFF-C423-42FD-A4BD-723E017C6A96}.Release|x86.ActiveCfg = Release|Win32
		{39109AFF-C423-42FD-A4BD-723E017C6A96}.Release|x86.Build.0 = Release|Win32
		{F00B2B9A-9C75-46BA-ABC6-9FD9AC70DFCB}.Debug|x64.ActiveCfg = Debug|x64
		{F00B2B9A-9C75-46BA-ABC6-9FD9AC70DFCB}.Debug|x64.Build.0 = Debug|x64
		{F00B2B9A-9C75-46BA-ABC6-9FD9AC70DFCB}.Debug|x86.ActiveCfg = Debug|Win32
		{F00B2B9A-9C75-46BA-ABC6-9FD9AC70DFCB}.Debug|x86.Build.0 = Debug|Win32
		{F00B2B9A-9C75-46BA-ABC6-9FD9AC70DFCB}.Release|x64.ActiveCfg = Release|x64
		{F00B2B9A-9C75-46BA-ABC6-9FD9AC70DFCB}.Release|x64.Build.0 = Release|x64
		{F00B2B9A-9C75-46BA-ABC6-9FD9AC70DFCB}.Release|x86.ActiveCfg = Release|Win32
		{F00B2B9A-9C75-46BA-ABC6-9FD9AC70DFCB}.Release|x86.Build.0 = Release|Win32
		{F90203FB-74E3-4FE1-897C-9C5B5B0397BE}.Debug|x64.ActiveCfg = Debug|x64
		{F90203FB-74E3-4FE1-897C-9C5B5B0397BE}.Debug|x64.Build.0 = Debug|x64
		{F90203FB-74E3-4FE1-897C-9C5B5B0397BE}.Debug|x86.ActiveCfg = Debug|Win32
		{F90203FB-74E3-4FE1-897C-9C5B5B0397BE}.Debug|x86.Build.0 = Debug|Win32
		{F90203FB-74E3-4FE1-897C-9C5B5B0397BE}.Release|x64.ActiveCfg = Release|x64
		{F90203FB-74E3-4FE1-897C-9C5B5B0397BE}.Release|x64.Build.0 = Release|x64
		{F90203FB-74E3-4FE1-897C-9C5B5B0397BE}.Release|x86.ActiveCfg = Release|Win32
		{F90203FB-74E3-4FE1-897C-9C5B5B0397BE}.Release|x86.Build.0 = Release|Win32
		{480A05CD-CB12-4078-94EC-6608EE3DB4DB}.Debug|x64.ActiveCfg = Debug|x64
		{480A05CD-CB12-4078-94EC-6608EE3DB4DB}.Debug|x64.Build.0 = Debug|x64
		{480A05CD-CB12-4078-94EC-6608EE3DB4DB}.Debug|x86.ActiveCfg = Debug|Win32
		{480A05CD-CB12-4078-94EC-6608EE3DB4DB}.Debug|x86.Build.0 = Debug|Win32
		{480A05CD-CB12-4078-94EC-6608EE3DB4DB}.Release|x64.ActiveCfg = Release|x64
		{480A05CD-CB12-4078-94EC-6608EE3DB4DB}.Release|x64.Build.0 = Release|x64
		{480A05CD-CB12-4078-94EC-6608EE3DB4DB}.Release|x86.ActiveCfg = Release|Win32
		{480A05CD-CB12-4078-94EC-6608EE3DB4DB}.Release|x86.Build.0 = Release|Win32
		{07FE4576-7731-4869-BD67-BEB60908EF32}.Debug|x64.ActiveCfg = Debug|x64
		{07FE4576-7731-4869-BD67-BEB60908EF32}.Debug|x64.Build.0 = Debug|x64
		{07FE4576-7731-4869-BD67-BEB60908EF32}.Debug|x86.ActiveCfg = Debug|Win32
		{07FE4576-7731-4869-BD67-BEB60908EF32}.Debug|x86.Build.0 = Debug|Win32
		{07FE4576-7731-4869-BD67-BEB60908EF32}.Release|x64.ActiveCfg = Release|x64
		{07FE4576-7731-4869-BD67-BEB60908EF32}.Release|x64.Build.0 = Release|x64
		{07FE4576-7731-4869-BD67-BEB60908EF32}.Release|x86.ActiveCfg = Release|Win32
		{07FE4576-7731-4869-BD67-BEB60908EF32}.Release|x86.Build.0 = Release|Win32
		{CEF64FE7-A1F0-4AC1-A044-84B28B1CB513}.Debug|x64.ActiveCfg = Debug|x64
		{CEF64FE7-A1F0-4AC1-A044-84B28B1CB513}.Debug|x64.Build.0 = Debug|x64
		{CEF64FE7-A1F0-4AC1-A044-84B28B1CB513}.Debug|x86.ActiveCfg = Debug|Win32
		{CEF64FE7-A1F0-4AC1-A044-84B28B1CB513}.Debug|x86.Build.0 = Debug|Win32
		{CEF64FE7-A1F0-4AC1-A044-84B28B1CB513}.Release|x64.ActiveCfg = Release|x64
		{CEF64FE7-A1F0-4AC1-A044-84B28B1CB513}.Release|x64.Build.0 = Release|x64
		{CEF64FE7-A1F0-4AC1-A044-84B28B1CB513}.Release|x86.ActiveCfg = Release|Win32
		{CEF64FE7-A1F0-4AC1-A044-84B28B1CB513}.Release|x86.Build.0 = Release|Win32
		{D4DFC337-0E3A-4330-9752-D612FF07906B}.Debug|x64.ActiveCfg = Debug|x64
		{D4DFC337-0E3A-4330-9752-D612FF07906B}.Debug|x64.Build.0 = Debug|x64
		{D4DFC337-0E3A-4330-9752-D612FF07906B}.Debug|x86.ActiveCfg = Debug|Win32
		{D4DFC337-0E3A-4330-9752-D612FF07906B}.Debug|x86.Build.0 = Debug|Win32
		{D4DFC337-0E3A-4330-9752-D612FF07906B}.Release|x64.ActiveCfg = Release|x64
		{D4DFC337-0E3A-4330-9752-D612FF07906B}.Release|x64.Build.0 = Release|x64
		{D4DFC337-0E3A-4330-9752-D612FF07906B}.Release|x86.ActiveCfg = Release|Win32
		{D4DFC337-0E3A-4330-9752-D612FF07906B}.Release|x86.Build.0 = Release|Win32
		{C092584B-08D4-415E-AE6B-053C3A946209}.Debug|x64.ActiveCfg = Debug|x64
		{C092584B-08D4-415E-AE6B-053C3A946209}.Debug|x64.Build.0 = Debug|x64
		{C092584B-08D4-415E-AE6B-053C3A946209}.Debug|x86.ActiveCfg = Debug|Win32
		{C092584B-08D4-415E-AE6B-053C3A946209}.Debug|x86.Build.0 = Debug|Win32
		{C092584B-08D4-415E-AE6B-053C3A946209}.Release|x64.ActiveCfg = Release|x64
		{C092584B-08D4-415E-AE6B-053C3A946209}.Release|x64.Build.0 = Release|x64
		{C092584B-08D4-415E-AE6B-053C3A946209}.Release|x86.ActiveCfg = Release|Win32
		{C092584B-08D4-415E-AE6B-053C3A946209}.Release|x86.Build.0 = Release|Win32
		{D962F400-D892-4D09-B4F5-DF448C1933DA}.Debug|x64.ActiveCfg = Debug|x64
		{D962F400-D892-4D09-B4F5-DF448C1933DA}.Debug|x64.Build.0 = Debug|x64
		{D962F400-D892-4D09-B4F5-DF448C1933DA}.Debug|x86.ActiveCfg = Debug|Win32
		{D962F400-D892-4D09-B4F5-DF448C1933DA}.Debug|x86.Build.0 = Debug|Win32
		{D962F400-D892-4D09-B4F5-DF448C1933DA}.Release|x64.ActiveCfg = Release|x64
		{D962F400-D892-4D09-B4F5-DF448C1933DA}.Release|x64.Build.0 = Release|x64
		{D962F400-D892-4D09-B4F5-DF448C1933DA}.Release|x86.ActiveCfg = Release|Win32
		{D962F400-D892-4D09-B4F5-DF448C1933DA}.Release|x86.Build.0 = Release|Win32
		{10096FA8-BCFE-4337-8AC7-0531A09CA0D6}.Debug|x64.ActiveCfg = Debug|x64
		{10096FA8-BCFE-4337-8AC7-0531A09CA0D6}.Debug|x64.Build.0 = Debug|x64
		{10096FA8-BCFE-4337-8AC7-0531A09CA0D6}.Debug|x86.ActiveCfg = Debug|Win32
		{10096FA8-BCFE-4337-8AC7-0531A09CA0D6}.Debug|x86.Build.0 = Debug|Win32
		{10096FA8-BCFE-4337-8AC7-0531A09CA0D6}.Release|x64.ActiveCfg = Release|x64
		{10096FA8-BCFE-4337-8AC7-0531A09CA0D6}.Release|x64.Build.0 = Release|x64
		{10096FA8-BCFE-4337-8AC7-0531A09CA0D6}.Release|x86.ActiveCfg = Release|Win32
		{10096FA8-BCFE-4337-8AC7-0531A09CA0D6}.Release|x86.Build.0 = Release|Win32
		{3CB9250F-7499-4739-931D-2114EBCC21A7}.Debug|x64.ActiveCfg = Debug|x64
		{3CB9250F-7499-4739-931D-2114EBCC21A7}.Debug|x64.Build.0 = Debug|x64
		{3CB9250F-7499-4739-931D-2114EBCC21A7}.Debug|x86.ActiveCfg = Debug|Win32
		{3CB9250F-7499-4739-931D-2114EBCC21A7}.Debug|x86.Build.0 = Debug|Win32
		{3CB9250F-7499-4739-931D-2114EBCC21A7}.Release|x64.ActiveCfg = Release|x64
		{3CB9250F-7499-4739-931D-2114EBCC21A7}.Release|x64.Build.0 = Release|x64
		{3CB9250F-7499-4739-931D-2114EBCC21A7}.Release|x86.ActiveCfg = Release|Win32
		{3CB9250F-7499-4739-931D-2114EBCC21A7}.Release|x86.Build.0 = Release|Win32
		{2743ADAC-848B-4E4B-B31A-386629513A51}.Debug|x64.ActiveCfg = Debug|x64
		{2743ADAC-848B-4E4B-B31A-386629513A51}.Debug|x64.Build.0 = Debug|x64
		{2743ADAC-848B-4E4B-B31A-386629513A51}.Debug|x86.ActiveCfg = Debug|Win32
		{2743ADAC-848B-4E4B-B31A-386629513A51}.Debug|x86.Build.0 = Debug|Win32
		{2743ADAC-848B-4E4B-B31A-386629513A51}.Release|x64.ActiveCfg = Release|x64
		{2743ADAC-848B-4E4B-B31A-386629513A51}.Release|x64.Build.0 = Release|x64
		{2743ADAC-848B-4E4B-B31A-386629513A51}.Release|x86.ActiveCfg = Release|Win32
		{2743ADAC-848B-4E4B-B31A-386629513A51}.Release|x86.Build.0 = Release|Win32
		{7E6B4098-209E-4505-B546-F903C201D97A}.Debug|x64.ActiveCfg = Debug|x64
		{7E6B4098-209E-4505-B546-F903C201D97A}.Debug|x64.Build.0 = Debug|x64
		{7E6B4098-209E-4505-B546-F903C201D97A}.Debug|x86.ActiveCfg = Debug|Win32
		{7E6B4098-209E-4505-B546-F903C201D97A}.Debug|x86.Build.0 = Debug|Win32
		{7E6B4098-209E-4505-B546-F903C201D97A}.Release|x64.ActiveCfg = Release|x64
		{7E6B4098-209E-4505-B546-F903C201D97A}.Release|x64.Build.0 = Release|x64
		{7E6B4098-209E-4505-B546-F903C201D97A}.Release|x86.ActiveCfg = Release|Win32
		{7E6B4098-209E-4505-B546-F903C201D97A}.Release|x86.Build.0 = Release|Win32
		{98D0AF4E-CCC6-45F9-BA13-F43D83C9CA1C}.Debug|x64.ActiveCfg = Debug|x64
		{98D0AF4E-CCC6-45F9-BA13-F43D83C9CA1C}.Debug|x64.Build.0 = Debug|x64
		{98D0AF4E-CCC6-45F9-BA13-F43D83C9CA1C}.Debug|x86.ActiveCfg = Debug|Win32
		{98D0AF4E-CCC6-45F9-BA13-F43D83C9CA1C}.Debug|x86.Build.0 = Debug|Win32
		{98D0AF4E-CCC6-45F9-BA13-F43D83C9CA1C}.Release|x64.ActiveCfg = Release|x64
		{98D0AF4E-CCC6-45F9-BA13-F43D83C9CA1C}.Release|x64.Build.0 = Release|x64
		{98D0AF4E-CCC6-45F9-BA13-F43D83C9CA1C}.Release|x86.ActiveCfg = Release|Win32
		{98D0AF4E-CCC6-45F9-BA13-F43D83C9CA1C}.Release|x86.Build.0 = Release|Win32
		{D902C115-4F58-4F72-B9BF-EFD8332A7B9C}.Debug|x64.ActiveCfg = Debug|x64
		{D902C115-4F58-4F72-B9BF-EFD8332A7B9C}.Debug|x64.Build.0 = Debug|x64
		{D902C115-4F58-4F72-B9BF-EFD8332A7B9C}.Debug|x86.ActiveCfg = Debug|Win32
		{D902C115-4F58-4F72-B9BF-EFD8332A7B9C}.Debug|x86.Build.0 = Debug|Win32
		{D902C115-4F58-4F72-B9BF-EFD8332A7B9C}.Release|x64.ActiveCfg = Release|x64
		{D902C115-4F58-4F72-B9BF-EFD8332A7B9C}.Release|x64.Build.0 = Release|x64
		{D902C115-4F58-4F72-B9BF-EFD8332A7B9C}.Release|x86.ActiveCfg = Release|Win32
		{D902C115-4F58-4F72-B9BF-EFD8332A7B9C}.Release|x86.Build.0 = Release|Win32
		{45F4D8AF-E273-4214-B086-3BCEDEBBE402}.Debug|x64.ActiveCfg = Debug|x64
		{45F4D8AF-E273-4214-B086-3BCEDEBBE402}.Debug|x64.Build.0 = Debug|x64
		{45F4D8AF-E273-4214-B086-3BCEDEBBE402}.Debug|x86.ActiveCfg = Debug|Win32
		{45F4D8AF-E273-4214-B086-3BCEDEBBE402}.Debug|x86.Build.0 = Debug|Win32
		{45F4D8AF-E273-4214-B086-3BCEDEBBE402}.Release|x64.ActiveCfg = Release|x64
		{45F4D8AF-E273-4214-B086-3BCEDEBBE402}.Release|x64.Build.0 = Release|x64
		{45F4D8AF-E273-4214-B086-3BCEDEBBE402}.Release|x86.ActiveCfg = Release|Win32
		{45F4D8AF-E273-4214-B086-3BCEDEBBE402}.Release|x86.Build.0 = Release|Win32
		{4913DED8-99C5-41B0-A6F2-564D60071B2B}.Debug|x64.ActiveCfg = Debug|x64
		{4913DED8-99C5-41B0-A6F2-564D60071B2B}.Debug|x64.Build.0 = Debug|x64
		{4913DED8-99C5-41B0-A6F2-564D60071B2B}.Debug|x86.ActiveCfg = Debug|Win32
		{4913DED8-99C5-41B0-A6F2-564D60071B2B}.Debug|x86.Build.0 = Debug|Win32
		{4913DED8-99C5-41B0-A6F2-564D60071B2B}.Release|x64.ActiveCfg = Release|x64
		{4913DED8-99C5-41B0-A6F2-564D60071B2B}.Release|x64.Build.0 = Release|x64
		{4913DED8-99C5-41B0-A6F2-564D60071B2B}.Release|x86.ActiveCfg = Release|Win32
		{4913DED8-99C5-41B0-A6F2-564D60071B2B}.Release|x86.Build.0 = Release|Win32
		{710B2B1C-E231-4604-BEB8-7F61263C4133}.Debug|x64.ActiveCfg = Debug|x64
		{710B2B1C-E231-4604-BEB8-7F61263C4133}.Debug|x64.Build.0 = Debug|x64
		{710B2B1C-E231-4604-BEB8-7F61263C4133}.Debug|x86.ActiveCfg = Debug|Win32
		{710B2B1C-E231-4604-BEB8-7F61263C4133}.Debug|x86.Build.0 = Debug|Win32
		{710B2B1C-E231-4604-BEB8-7F61263C4133}.Release|x64.ActiveCfg = Release|x64
		{710B2B1C-E231-4604-BEB8-7F61263C4133}.Release|x64.Build.0 = Release|x64
		{710B2B1C-E231-4604-BEB8-7F61263C4133}.Release|x86.ActiveCfg = Release|Win32
		{710B2B1C-E231-4604-BEB8-7F61263C4133}.Release|x86.Build.0 = Release|Win32
		{B47870AD-767F-4628-B7D2-74636C6AB25C}.Debug|x64.ActiveCfg = Debug|x64
		{B47870AD-767F-4628-B7D2-74636C6AB25C}.Debug|x64.Build.0 = Debug|x64
		{B47870AD-767F-4628-B7D2-74636C6AB25C}.Debug|x86.ActiveCfg = Debug|Win32
		{B47870AD-767F-4628-B7D2-74636C6AB25C}.Debug|x86.Build.0 = Debug|Win32
		{B47870AD-767F-4628-B7D2-74636C6AB25C}.Release|x64.ActiveCfg = Release|x64
		{B47870AD-767F-4628-B7D2-74636C6AB25C}.Release|x64.Build.0 = Release|x64
		{B47870AD-767F-4628-B7D2-74636C6AB25C}.Release|x86.ActiveCfg = Release|Win32
		{B47870AD-767F-4628-B7D2-74636C6AB25C}.Release|x86.Build.0 = Release|Win32
		{480B848B-4774-464C-BCF3-D73B073CAA55}.Debug|x64.ActiveCfg = Debug|x64
		{480B848B-4774-464C-BCF3-D73B073CAA55}.Debug|x64.Build.0 = Debug|x64
		{480B848B-4774-464C-BCF3-D73B073CAA55}.Debug|x86.ActiveCfg = Debug|Win32
		{480B848B-4774-464C-BCF3-D73B073CAA55}.Debug|x86.Build.0 = Debug|Win32
		{480B848B-4774-464C-BCF3-D73B073CAA55}.Release|x64.ActiveCfg = Release|x64
		{480B848B-4774-464C-BCF3-D73B073CAA55}.Release|x64.Build.0 = Release|x64
		{480B848B-4774-464C-BCF3-D73B073CAA55}.Release|x86.ActiveCfg = Release|Win32
		{480B848B-4774-464C-BCF3-D73B073CAA55}.Release|x86.Build.0 = Release|Win32
	EndGlobalSection
	GlobalSection(SolutionProperties) = preSolution
		HideSolutionNode = FALSE
	EndGlobalSection
	GlobalSection(ExtensibilityGlobals) = postSolution
		SolutionGuid = {7D2101D7-E60E-4E1E-B16A-B5F609306810}
	EndGlobalSection
EndGlobal
