
Microsoft Visual Studio Solution File, Format Version 12.00
# Visual Studio Version 16
VisualStudioVersion = 16.0.31911.196
MinimumVisualStudioVersion = 10.0.40219.1
Project("{8BC9CEB8-8B4A-11D0-8D11-00A0C91BC942}") = "Day1", "Day1\Day1.vcxproj", "{FD0A2042-3A85-4FF5-8747-F641F548BEAD}"
	ProjectSection(ProjectDependencies) = postProject
		{CADF9F6E-D106-441E-94BE-3BB9CA4CE058} = {CADF9F6E-D106-441E-94BE-3BB9CA4CE058}
	EndProjectSection
EndProject
Project("{8BC9CEB8-8B4A-11D0-8D11-00A0C91BC942}") = "NobisLibrary", "NobisLibrary\NobisLibrary.vcxproj", "{CADF9F6E-D106-441E-94BE-3BB9CA4CE058}"
EndProject
Project("{8BC9CEB8-8B4A-11D0-8D11-00A0C91BC942}") = "Day2", "Day2\Day2.vcxproj", "{A2DE1AF6-ACE2-47CD-AB6D-4EBDE01BFEA3}"
	ProjectSection(ProjectDependencies) = postProject
		{CADF9F6E-D106-441E-94BE-3BB9CA4CE058} = {CADF9F6E-D106-441E-94BE-3BB9CA4CE058}
	EndProjectSection
EndProject
Project("{8BC9CEB8-8B4A-11D0-8D11-00A0C91BC942}") = "Day3", "Day3\Day3.vcxproj", "{3C2D1349-F4A8-48A2-9291-2767328C512B}"
	ProjectSection(ProjectDependencies) = postProject
		{CADF9F6E-D106-441E-94BE-3BB9CA4CE058} = {CADF9F6E-D106-441E-94BE-3BB9CA4CE058}
	EndProjectSection
EndProject
Project("{8BC9CEB8-8B4A-11D0-8D11-00A0C91BC942}") = "Day4", "Day4\Day4.vcxproj", "{694F0F48-B740-4830-B2FC-36A325E99DC2}"
	ProjectSection(ProjectDependencies) = postProject
		{CADF9F6E-D106-441E-94BE-3BB9CA4CE058} = {CADF9F6E-D106-441E-94BE-3BB9CA4CE058}
	EndProjectSection
EndProject
Project("{8BC9CEB8-8B4A-11D0-8D11-00A0C91BC942}") = "Day5", "Day5\Day5.vcxproj", "{3C5BFEF5-E181-43CC-97D6-81C5956A262C}"
	ProjectSection(ProjectDependencies) = postProject
		{CADF9F6E-D106-441E-94BE-3BB9CA4CE058} = {CADF9F6E-D106-441E-94BE-3BB9CA4CE058}
	EndProjectSection
EndProject
Project("{8BC9CEB8-8B4A-11D0-8D11-00A0C91BC942}") = "Day6", "Day6\Day6.vcxproj", "{1D6591D8-5C3F-4B7C-A0AB-FBEF0FBF063C}"
	ProjectSection(ProjectDependencies) = postProject
		{CADF9F6E-D106-441E-94BE-3BB9CA4CE058} = {CADF9F6E-D106-441E-94BE-3BB9CA4CE058}
	EndProjectSection
EndProject
Project("{8BC9CEB8-8B4A-11D0-8D11-00A0C91BC942}") = "Day7", "Day7\Day7.vcxproj", "{6219D144-91D0-460F-8C74-62CDD565EE2F}"
EndProject
Project("{8BC9CEB8-8B4A-11D0-8D11-00A0C91BC942}") = "Day8", "Day8\Day8.vcxproj", "{06AF2899-4B09-491D-B9D1-9EBF9C157E90}"
EndProject
Project("{8BC9CEB8-8B4A-11D0-8D11-00A0C91BC942}") = "Day9", "Day9\Day9.vcxproj", "{B243089B-AD43-4D07-8FA7-1589A03C72C7}"
	ProjectSection(ProjectDependencies) = postProject
		{CADF9F6E-D106-441E-94BE-3BB9CA4CE058} = {CADF9F6E-D106-441E-94BE-3BB9CA4CE058}
	EndProjectSection
EndProject
Project("{8BC9CEB8-8B4A-11D0-8D11-00A0C91BC942}") = "Day10", "Day10\Day10.vcxproj", "{734507CD-93F1-4D51-AD0E-87BAD25373EC}"
	ProjectSection(ProjectDependencies) = postProject
		{CADF9F6E-D106-441E-94BE-3BB9CA4CE058} = {CADF9F6E-D106-441E-94BE-3BB9CA4CE058}
	EndProjectSection
EndProject
Project("{8BC9CEB8-8B4A-11D0-8D11-00A0C91BC942}") = "Day11", "Day11\Day11.vcxproj", "{C4B50E81-E757-4022-9200-86E4BBC618CC}"
EndProject
Project("{8BC9CEB8-8B4A-11D0-8D11-00A0C91BC942}") = "Day12", "Day12\Day12.vcxproj", "{C6FC01B9-CE26-4F59-8821-E952BE20308A}"
EndProject
Project("{8BC9CEB8-8B4A-11D0-8D11-00A0C91BC942}") = "Day13", "Day13\Day13.vcxproj", "{53622818-05FF-484B-9D29-0744EEF928AA}"
	ProjectSection(ProjectDependencies) = postProject
		{CADF9F6E-D106-441E-94BE-3BB9CA4CE058} = {CADF9F6E-D106-441E-94BE-3BB9CA4CE058}
	EndProjectSection
EndProject
Global
	GlobalSection(SolutionConfigurationPlatforms) = preSolution
		Debug|x64 = Debug|x64
		Debug|x86 = Debug|x86
		Release|x64 = Release|x64
		Release|x86 = Release|x86
	EndGlobalSection
	GlobalSection(ProjectConfigurationPlatforms) = postSolution
		{FD0A2042-3A85-4FF5-8747-F641F548BEAD}.Debug|x64.ActiveCfg = Debug|x64
		{FD0A2042-3A85-4FF5-8747-F641F548BEAD}.Debug|x64.Build.0 = Debug|x64
		{FD0A2042-3A85-4FF5-8747-F641F548BEAD}.Debug|x86.ActiveCfg = Debug|Win32
		{FD0A2042-3A85-4FF5-8747-F641F548BEAD}.Debug|x86.Build.0 = Debug|Win32
		{FD0A2042-3A85-4FF5-8747-F641F548BEAD}.Release|x64.ActiveCfg = Release|x64
		{FD0A2042-3A85-4FF5-8747-F641F548BEAD}.Release|x64.Build.0 = Release|x64
		{FD0A2042-3A85-4FF5-8747-F641F548BEAD}.Release|x86.ActiveCfg = Release|Win32
		{FD0A2042-3A85-4FF5-8747-F641F548BEAD}.Release|x86.Build.0 = Release|Win32
		{CADF9F6E-D106-441E-94BE-3BB9CA4CE058}.Debug|x64.ActiveCfg = Debug|x64
		{CADF9F6E-D106-441E-94BE-3BB9CA4CE058}.Debug|x64.Build.0 = Debug|x64
		{CADF9F6E-D106-441E-94BE-3BB9CA4CE058}.Debug|x86.ActiveCfg = Debug|Win32
		{CADF9F6E-D106-441E-94BE-3BB9CA4CE058}.Debug|x86.Build.0 = Debug|Win32
		{CADF9F6E-D106-441E-94BE-3BB9CA4CE058}.Release|x64.ActiveCfg = Release|x64
		{CADF9F6E-D106-441E-94BE-3BB9CA4CE058}.Release|x64.Build.0 = Release|x64
		{CADF9F6E-D106-441E-94BE-3BB9CA4CE058}.Release|x86.ActiveCfg = Release|Win32
		{CADF9F6E-D106-441E-94BE-3BB9CA4CE058}.Release|x86.Build.0 = Release|Win32
		{A2DE1AF6-ACE2-47CD-AB6D-4EBDE01BFEA3}.Debug|x64.ActiveCfg = Debug|x64
		{A2DE1AF6-ACE2-47CD-AB6D-4EBDE01BFEA3}.Debug|x64.Build.0 = Debug|x64
		{A2DE1AF6-ACE2-47CD-AB6D-4EBDE01BFEA3}.Debug|x86.ActiveCfg = Debug|Win32
		{A2DE1AF6-ACE2-47CD-AB6D-4EBDE01BFEA3}.Debug|x86.Build.0 = Debug|Win32
		{A2DE1AF6-ACE2-47CD-AB6D-4EBDE01BFEA3}.Release|x64.ActiveCfg = Release|x64
		{A2DE1AF6-ACE2-47CD-AB6D-4EBDE01BFEA3}.Release|x64.Build.0 = Release|x64
		{A2DE1AF6-ACE2-47CD-AB6D-4EBDE01BFEA3}.Release|x86.ActiveCfg = Release|Win32
		{A2DE1AF6-ACE2-47CD-AB6D-4EBDE01BFEA3}.Release|x86.Build.0 = Release|Win32
		{3C2D1349-F4A8-48A2-9291-2767328C512B}.Debug|x64.ActiveCfg = Debug|x64
		{3C2D1349-F4A8-48A2-9291-2767328C512B}.Debug|x64.Build.0 = Debug|x64
		{3C2D1349-F4A8-48A2-9291-2767328C512B}.Debug|x86.ActiveCfg = Debug|Win32
		{3C2D1349-F4A8-48A2-9291-2767328C512B}.Debug|x86.Build.0 = Debug|Win32
		{3C2D1349-F4A8-48A2-9291-2767328C512B}.Release|x64.ActiveCfg = Release|x64
		{3C2D1349-F4A8-48A2-9291-2767328C512B}.Release|x64.Build.0 = Release|x64
		{3C2D1349-F4A8-48A2-9291-2767328C512B}.Release|x86.ActiveCfg = Release|Win32
		{3C2D1349-F4A8-48A2-9291-2767328C512B}.Release|x86.Build.0 = Release|Win32
		{694F0F48-B740-4830-B2FC-36A325E99DC2}.Debug|x64.ActiveCfg = Debug|x64
		{694F0F48-B740-4830-B2FC-36A325E99DC2}.Debug|x64.Build.0 = Debug|x64
		{694F0F48-B740-4830-B2FC-36A325E99DC2}.Debug|x86.ActiveCfg = Debug|Win32
		{694F0F48-B740-4830-B2FC-36A325E99DC2}.Debug|x86.Build.0 = Debug|Win32
		{694F0F48-B740-4830-B2FC-36A325E99DC2}.Release|x64.ActiveCfg = Release|x64
		{694F0F48-B740-4830-B2FC-36A325E99DC2}.Release|x64.Build.0 = Release|x64
		{694F0F48-B740-4830-B2FC-36A325E99DC2}.Release|x86.ActiveCfg = Release|Win32
		{694F0F48-B740-4830-B2FC-36A325E99DC2}.Release|x86.Build.0 = Release|Win32
		{3C5BFEF5-E181-43CC-97D6-81C5956A262C}.Debug|x64.ActiveCfg = Debug|x64
		{3C5BFEF5-E181-43CC-97D6-81C5956A262C}.Debug|x64.Build.0 = Debug|x64
		{3C5BFEF5-E181-43CC-97D6-81C5956A262C}.Debug|x86.ActiveCfg = Debug|Win32
		{3C5BFEF5-E181-43CC-97D6-81C5956A262C}.Debug|x86.Build.0 = Debug|Win32
		{3C5BFEF5-E181-43CC-97D6-81C5956A262C}.Release|x64.ActiveCfg = Release|x64
		{3C5BFEF5-E181-43CC-97D6-81C5956A262C}.Release|x64.Build.0 = Release|x64
		{3C5BFEF5-E181-43CC-97D6-81C5956A262C}.Release|x86.ActiveCfg = Release|Win32
		{3C5BFEF5-E181-43CC-97D6-81C5956A262C}.Release|x86.Build.0 = Release|Win32
		{1D6591D8-5C3F-4B7C-A0AB-FBEF0FBF063C}.Debug|x64.ActiveCfg = Debug|x64
		{1D6591D8-5C3F-4B7C-A0AB-FBEF0FBF063C}.Debug|x64.Build.0 = Debug|x64
		{1D6591D8-5C3F-4B7C-A0AB-FBEF0FBF063C}.Debug|x86.ActiveCfg = Debug|Win32
		{1D6591D8-5C3F-4B7C-A0AB-FBEF0FBF063C}.Debug|x86.Build.0 = Debug|Win32
		{1D6591D8-5C3F-4B7C-A0AB-FBEF0FBF063C}.Release|x64.ActiveCfg = Release|x64
		{1D6591D8-5C3F-4B7C-A0AB-FBEF0FBF063C}.Release|x64.Build.0 = Release|x64
		{1D6591D8-5C3F-4B7C-A0AB-FBEF0FBF063C}.Release|x86.ActiveCfg = Release|Win32
		{1D6591D8-5C3F-4B7C-A0AB-FBEF0FBF063C}.Release|x86.Build.0 = Release|Win32
		{6219D144-91D0-460F-8C74-62CDD565EE2F}.Debug|x64.ActiveCfg = Debug|x64
		{6219D144-91D0-460F-8C74-62CDD565EE2F}.Debug|x64.Build.0 = Debug|x64
		{6219D144-91D0-460F-8C74-62CDD565EE2F}.Debug|x86.ActiveCfg = Debug|Win32
		{6219D144-91D0-460F-8C74-62CDD565EE2F}.Debug|x86.Build.0 = Debug|Win32
		{6219D144-91D0-460F-8C74-62CDD565EE2F}.Release|x64.ActiveCfg = Release|x64
		{6219D144-91D0-460F-8C74-62CDD565EE2F}.Release|x64.Build.0 = Release|x64
		{6219D144-91D0-460F-8C74-62CDD565EE2F}.Release|x86.ActiveCfg = Release|Win32
		{6219D144-91D0-460F-8C74-62CDD565EE2F}.Release|x86.Build.0 = Release|Win32
		{06AF2899-4B09-491D-B9D1-9EBF9C157E90}.Debug|x64.ActiveCfg = Debug|x64
		{06AF2899-4B09-491D-B9D1-9EBF9C157E90}.Debug|x64.Build.0 = Debug|x64
		{06AF2899-4B09-491D-B9D1-9EBF9C157E90}.Debug|x86.ActiveCfg = Debug|Win32
		{06AF2899-4B09-491D-B9D1-9EBF9C157E90}.Debug|x86.Build.0 = Debug|Win32
		{06AF2899-4B09-491D-B9D1-9EBF9C157E90}.Release|x64.ActiveCfg = Release|x64
		{06AF2899-4B09-491D-B9D1-9EBF9C157E90}.Release|x64.Build.0 = Release|x64
		{06AF2899-4B09-491D-B9D1-9EBF9C157E90}.Release|x86.ActiveCfg = Release|Win32
		{06AF2899-4B09-491D-B9D1-9EBF9C157E90}.Release|x86.Build.0 = Release|Win32
		{B243089B-AD43-4D07-8FA7-1589A03C72C7}.Debug|x64.ActiveCfg = Debug|x64
		{B243089B-AD43-4D07-8FA7-1589A03C72C7}.Debug|x64.Build.0 = Debug|x64
		{B243089B-AD43-4D07-8FA7-1589A03C72C7}.Debug|x86.ActiveCfg = Debug|Win32
		{B243089B-AD43-4D07-8FA7-1589A03C72C7}.Debug|x86.Build.0 = Debug|Win32
		{B243089B-AD43-4D07-8FA7-1589A03C72C7}.Release|x64.ActiveCfg = Release|x64
		{B243089B-AD43-4D07-8FA7-1589A03C72C7}.Release|x64.Build.0 = Release|x64
		{B243089B-AD43-4D07-8FA7-1589A03C72C7}.Release|x86.ActiveCfg = Release|Win32
		{B243089B-AD43-4D07-8FA7-1589A03C72C7}.Release|x86.Build.0 = Release|Win32
		{734507CD-93F1-4D51-AD0E-87BAD25373EC}.Debug|x64.ActiveCfg = Debug|x64
		{734507CD-93F1-4D51-AD0E-87BAD25373EC}.Debug|x64.Build.0 = Debug|x64
		{734507CD-93F1-4D51-AD0E-87BAD25373EC}.Debug|x86.ActiveCfg = Debug|Win32
		{734507CD-93F1-4D51-AD0E-87BAD25373EC}.Debug|x86.Build.0 = Debug|Win32
		{734507CD-93F1-4D51-AD0E-87BAD25373EC}.Release|x64.ActiveCfg = Release|x64
		{734507CD-93F1-4D51-AD0E-87BAD25373EC}.Release|x64.Build.0 = Release|x64
		{734507CD-93F1-4D51-AD0E-87BAD25373EC}.Release|x86.ActiveCfg = Release|Win32
		{734507CD-93F1-4D51-AD0E-87BAD25373EC}.Release|x86.Build.0 = Release|Win32
		{C4B50E81-E757-4022-9200-86E4BBC618CC}.Debug|x64.ActiveCfg = Debug|x64
		{C4B50E81-E757-4022-9200-86E4BBC618CC}.Debug|x64.Build.0 = Debug|x64
		{C4B50E81-E757-4022-9200-86E4BBC618CC}.Debug|x86.ActiveCfg = Debug|Win32
		{C4B50E81-E757-4022-9200-86E4BBC618CC}.Debug|x86.Build.0 = Debug|Win32
		{C4B50E81-E757-4022-9200-86E4BBC618CC}.Release|x64.ActiveCfg = Release|x64
		{C4B50E81-E757-4022-9200-86E4BBC618CC}.Release|x64.Build.0 = Release|x64
		{C4B50E81-E757-4022-9200-86E4BBC618CC}.Release|x86.ActiveCfg = Release|Win32
		{C4B50E81-E757-4022-9200-86E4BBC618CC}.Release|x86.Build.0 = Release|Win32
		{C6FC01B9-CE26-4F59-8821-E952BE20308A}.Debug|x64.ActiveCfg = Debug|x64
		{C6FC01B9-CE26-4F59-8821-E952BE20308A}.Debug|x64.Build.0 = Debug|x64
		{C6FC01B9-CE26-4F59-8821-E952BE20308A}.Debug|x86.ActiveCfg = Debug|Win32
		{C6FC01B9-CE26-4F59-8821-E952BE20308A}.Debug|x86.Build.0 = Debug|Win32
		{C6FC01B9-CE26-4F59-8821-E952BE20308A}.Release|x64.ActiveCfg = Release|x64
		{C6FC01B9-CE26-4F59-8821-E952BE20308A}.Release|x64.Build.0 = Release|x64
		{C6FC01B9-CE26-4F59-8821-E952BE20308A}.Release|x86.ActiveCfg = Release|Win32
		{C6FC01B9-CE26-4F59-8821-E952BE20308A}.Release|x86.Build.0 = Release|Win32
		{53622818-05FF-484B-9D29-0744EEF928AA}.Debug|x64.ActiveCfg = Debug|x64
		{53622818-05FF-484B-9D29-0744EEF928AA}.Debug|x64.Build.0 = Debug|x64
		{53622818-05FF-484B-9D29-0744EEF928AA}.Debug|x86.ActiveCfg = Debug|Win32
		{53622818-05FF-484B-9D29-0744EEF928AA}.Debug|x86.Build.0 = Debug|Win32
		{53622818-05FF-484B-9D29-0744EEF928AA}.Release|x64.ActiveCfg = Release|x64
		{53622818-05FF-484B-9D29-0744EEF928AA}.Release|x64.Build.0 = Release|x64
		{53622818-05FF-484B-9D29-0744EEF928AA}.Release|x86.ActiveCfg = Release|Win32
		{53622818-05FF-484B-9D29-0744EEF928AA}.Release|x86.Build.0 = Release|Win32
	EndGlobalSection
	GlobalSection(SolutionProperties) = preSolution
		HideSolutionNode = FALSE
	EndGlobalSection
	GlobalSection(ExtensibilityGlobals) = postSolution
		SolutionGuid = {034987FE-FA6E-4193-8862-C0E05CEBA408}
	EndGlobalSection
EndGlobal
